// !$*UTF8*$!
{
	archiveVersion = 1;
	classes = {
	};
	objectVersion = 52;
	objects = {

/* Begin PBXBuildFile section */
		853E3F02241BEA6000557D21 /* main.swift in Sources */ = {isa = PBXBuildFile; fileRef = 853E3F01241BEA6000557D21 /* main.swift */; };
		853E3F09241BEA8F00557D21 /* JSONReader.swift in Sources */ = {isa = PBXBuildFile; fileRef = 853E3F08241BEA8F00557D21 /* JSONReader.swift */; };
		853E3F0B241BEAA900557D21 /* Controller.swift in Sources */ = {isa = PBXBuildFile; fileRef = 853E3F0A241BEAA900557D21 /* Controller.swift */; };
		853E3F0F241BF82B00557D21 /* Commander in Frameworks */ = {isa = PBXBuildFile; productRef = 853E3F0E241BF82B00557D21 /* Commander */; };
		853E3F12241BF8F300557D21 /* ColorizeSwift in Frameworks */ = {isa = PBXBuildFile; productRef = 853E3F11241BF8F300557D21 /* ColorizeSwift */; };
/* End PBXBuildFile section */

/* Begin PBXCopyFilesBuildPhase section */
		853E3EFC241BEA6000557D21 /* CopyFiles */ = {
			isa = PBXCopyFilesBuildPhase;
			buildActionMask = 2147483647;
			dstPath = /usr/share/man/man1/;
			dstSubfolderSpec = 0;
			files = (
			);
			runOnlyForDeploymentPostprocessing = 1;
		};
/* End PBXCopyFilesBuildPhase section */

/* Begin PBXFileReference section */
		853E3EFE241BEA6000557D21 /* FolderOrganizer */ = {isa = PBXFileReference; explicitFileType = "compiled.mach-o.executable"; includeInIndex = 0; path = FolderOrganizer; sourceTree = BUILT_PRODUCTS_DIR; };
		853E3F01241BEA6000557D21 /* main.swift */ = {isa = PBXFileReference; lastKnownFileType = sourcecode.swift; path = main.swift; sourceTree = "<group>"; };
		853E3F08241BEA8F00557D21 /* JSONReader.swift */ = {isa = PBXFileReference; lastKnownFileType = sourcecode.swift; path = JSONReader.swift; sourceTree = "<group>"; };
		853E3F0A241BEAA900557D21 /* Controller.swift */ = {isa = PBXFileReference; lastKnownFileType = sourcecode.swift; path = Controller.swift; sourceTree = "<group>"; };
		853E3F0C241BEADE00557D21 /* file.json */ = {isa = PBXFileReference; lastKnownFileType = text.json; path = file.json; sourceTree = "<group>"; };
/* End PBXFileReference section */

/* Begin PBXFrameworksBuildPhase section */
		853E3EFB241BEA6000557D21 /* Frameworks */ = {
			isa = PBXFrameworksBuildPhase;
			buildActionMask = 2147483647;
			files = (
				853E3F0F241BF82B00557D21 /* Commander in Frameworks */,
				853E3F12241BF8F300557D21 /* ColorizeSwift in Frameworks */,
			);
			runOnlyForDeploymentPostprocessing = 0;
		};
/* End PBXFrameworksBuildPhase section */

/* Begin PBXGroup section */
		853E3EF5241BEA6000557D21 = {
			isa = PBXGroup;
			children = (
				853E3F00241BEA6000557D21 /* FolderOrganizer */,
				853E3EFF241BEA6000557D21 /* Products */,
			);
			sourceTree = "<group>";
		};
		853E3EFF241BEA6000557D21 /* Products */ = {
			isa = PBXGroup;
			children = (
				853E3EFE241BEA6000557D21 /* FolderOrganizer */,
			);
			name = Products;
			sourceTree = "<group>";
		};
		853E3F00241BEA6000557D21 /* FolderOrganizer */ = {
			isa = PBXGroup;
			children = (
				853E3F01241BEA6000557D21 /* main.swift */,
				853E3F0C241BEADE00557D21 /* file.json */,
				853E3F08241BEA8F00557D21 /* JSONReader.swift */,
				853E3F0A241BEAA900557D21 /* Controller.swift */,
			);
			path = FolderOrganizer;
			sourceTree = "<group>";
		};
/* End PBXGroup section */

/* Begin PBXNativeTarget section */
		853E3EFD241BEA6000557D21 /* FolderOrganizer */ = {
			isa = PBXNativeTarget;
			buildConfigurationList = 853E3F05241BEA6000557D21 /* Build configuration list for PBXNativeTarget "FolderOrganizer" */;
			buildPhases = (
				853E3EFA241BEA6000557D21 /* Sources */,
				853E3EFB241BEA6000557D21 /* Frameworks */,
				853E3EFC241BEA6000557D21 /* CopyFiles */,
			);
			buildRules = (
			);
			dependencies = (
			);
			name = FolderOrganizer;
			packageProductDependencies = (
				853E3F0E241BF82B00557D21 /* Commander */,
				853E3F11241BF8F300557D21 /* ColorizeSwift */,
			);
			productName = FolderOrganizer;
			productReference = 853E3EFE241BEA6000557D21 /* FolderOrganizer */;
			productType = "com.apple.product-type.tool";
		};
/* End PBXNativeTarget section */

/* Begin PBXProject section */
		853E3EF6241BEA6000557D21 /* Project object */ = {
			isa = PBXProject;
			attributes = {
				LastSwiftUpdateCheck = 1130;
				LastUpgradeCheck = 1130;
				ORGANIZATIONNAME = "Rodrigo Silva Ribeiro";
				TargetAttributes = {
					853E3EFD241BEA6000557D21 = {
						CreatedOnToolsVersion = 11.3.1;
					};
				};
			};
			buildConfigurationList = 853E3EF9241BEA6000557D21 /* Build configuration list for PBXProject "FolderOrganizer" */;
			compatibilityVersion = "Xcode 9.3";
			developmentRegion = en;
			hasScannedForEncodings = 0;
			knownRegions = (
				en,
				Base,
			);
			mainGroup = 853E3EF5241BEA6000557D21;
			packageReferences = (
				853E3F0D241BF82B00557D21 /* XCRemoteSwiftPackageReference "Commander" */,
				853E3F10241BF8F300557D21 /* XCRemoteSwiftPackageReference "ColorizeSwift" */,
			);
			productRefGroup = 853E3EFF241BEA6000557D21 /* Products */;
			projectDirPath = "";
			projectRoot = "";
			targets = (
				853E3EFD241BEA6000557D21 /* FolderOrganizer */,
			);
		};
/* End PBXProject section */

/* Begin PBXSourcesBuildPhase section */
		853E3EFA241BEA6000557D21 /* Sources */ = {
			isa = PBXSourcesBuildPhase;
			buildActionMask = 2147483647;
			files = (
				853E3F0B241BEAA900557D21 /* Controller.swift in Sources */,
				853E3F09241BEA8F00557D21 /* JSONReader.swift in Sources */,
				853E3F02241BEA6000557D21 /* main.swift in Sources */,
			);
			runOnlyForDeploymentPostprocessing = 0;
		};
/* End PBXSourcesBuildPhase section */

/* Begin XCBuildConfiguration section */
		853E3F03241BEA6000557D21 /* Debug */ = {
			isa = XCBuildConfiguration;
			buildSettings = {
				ALWAYS_SEARCH_USER_PATHS = NO;
				CLANG_ANALYZER_NONNULL = YES;
				CLANG_ANALYZER_NUMBER_OBJECT_CONVERSION = YES_AGGRESSIVE;
				CLANG_CXX_LANGUAGE_STANDARD = "gnu++14";
				CLANG_CXX_LIBRARY = "libc++";
				CLANG_ENABLE_MODULES = YES;
				CLANG_ENABLE_OBJC_ARC = YES;
				CLANG_ENABLE_OBJC_WEAK = YES;
				CLANG_WARN_BLOCK_CAPTURE_AUTORELEASING = YES;
				CLANG_WARN_BOOL_CONVERSION = YES;
				CLANG_WARN_COMMA = YES;
				CLANG_WARN_CONSTANT_CONVERSION = YES;
				CLANG_WARN_DEPRECATED_OBJC_IMPLEMENTATIONS = YES;
				CLANG_WARN_DIRECT_OBJC_ISA_USAGE = YES_ERROR;
				CLANG_WARN_DOCUMENTATION_COMMENTS = YES;
				CLANG_WARN_EMPTY_BODY = YES;
				CLANG_WARN_ENUM_CONVERSION = YES;
				CLANG_WARN_INFINITE_RECURSION = YES;
				CLANG_WARN_INT_CONVERSION = YES;
				CLANG_WARN_NON_LITERAL_NULL_CONVERSION = YES;
				CLANG_WARN_OBJC_IMPLICIT_RETAIN_SELF = YES;
				CLANG_WARN_OBJC_LITERAL_CONVERSION = YES;
				CLANG_WARN_OBJC_ROOT_CLASS = YES_ERROR;
				CLANG_WARN_RANGE_LOOP_ANALYSIS = YES;
				CLANG_WARN_STRICT_PROTOTYPES = YES;
				CLANG_WARN_SUSPICIOUS_MOVE = YES;
				CLANG_WARN_UNGUARDED_AVAILABILITY = YES_AGGRESSIVE;
				CLANG_WARN_UNREACHABLE_CODE = YES;
				CLANG_WARN__DUPLICATE_METHOD_MATCH = YES;
				COPY_PHASE_STRIP = NO;
				DEBUG_INFORMATION_FORMAT = dwarf;
				ENABLE_STRICT_OBJC_MSGSEND = YES;
				ENABLE_TESTABILITY = YES;
				GCC_C_LANGUAGE_STANDARD = gnu11;
				GCC_DYNAMIC_NO_PIC = NO;
				GCC_NO_COMMON_BLOCKS = YES;
				GCC_OPTIMIZATION_LEVEL = 0;
				GCC_PREPROCESSOR_DEFINITIONS = (
					"DEBUG=1",
					"$(inherited)",
				);
				GCC_WARN_64_TO_32_BIT_CONVERSION = YES;
				GCC_WARN_ABOUT_RETURN_TYPE = YES_ERROR;
				GCC_WARN_UNDECLARED_SELECTOR = YES;
				GCC_WARN_UNINITIALIZED_AUTOS = YES_AGGRESSIVE;
				GCC_WARN_UNUSED_FUNCTION = YES;
				GCC_WARN_UNUSED_VARIABLE = YES;
				MACOSX_DEPLOYMENT_TARGET = 10.15;
				MTL_ENABLE_DEBUG_INFO = INCLUDE_SOURCE;
				MTL_FAST_MATH = YES;
				ONLY_ACTIVE_ARCH = YES;
				SDKROOT = macosx;
				SWIFT_ACTIVE_COMPILATION_CONDITIONS = DEBUG;
				SWIFT_OPTIMIZATION_LEVEL = "-Onone";
			};
			name = Debug;
		};
		853E3F04241BEA6000557D21 /* Release */ = {
			isa = XCBuildConfiguration;
			buildSettings = {
				ALWAYS_SEARCH_USER_PATHS = NO;
				CLANG_ANALYZER_NONNULL = YES;
				CLANG_ANALYZER_NUMBER_OBJECT_CONVERSION = YES_AGGRESSIVE;
				CLANG_CXX_LANGUAGE_STANDARD = "gnu++14";
				CLANG_CXX_LIBRARY = "libc++";
				CLANG_ENABLE_MODULES = YES;
				CLANG_ENABLE_OBJC_ARC = YES;
				CLANG_ENABLE_OBJC_WEAK = YES;
				CLANG_WARN_BLOCK_CAPTURE_AUTORELEASING = YES;
				CLANG_WARN_BOOL_CONVERSION = YES;
				CLANG_WARN_COMMA = YES;
				CLANG_WARN_CONSTANT_CONVERSION = YES;
				CLANG_WARN_DEPRECATED_OBJC_IMPLEMENTATIONS = YES;
				CLANG_WARN_DIRECT_OBJC_ISA_USAGE = YES_ERROR;
				CLANG_WARN_DOCUMENTATION_COMMENTS = YES;
				CLANG_WARN_EMPTY_BODY = YES;
				CLANG_WARN_ENUM_CONVERSION = YES;
				CLANG_WARN_INFINITE_RECURSION = YES;
				CLANG_WARN_INT_CONVERSION = YES;
				CLANG_WARN_NON_LITERAL_NULL_CONVERSION = YES;
				CLANG_WARN_OBJC_IMPLICIT_RETAIN_SELF = YES;
				CLANG_WARN_OBJC_LITERAL_CONVERSION = YES;
				CLANG_WARN_OBJC_ROOT_CLASS = YES_ERROR;
				CLANG_WARN_RANGE_LOOP_ANALYSIS = YES;
				CLANG_WARN_STRICT_PROTOTYPES = YES;
				CLANG_WARN_SUSPICIOUS_MOVE = YES;
				CLANG_WARN_UNGUARDED_AVAILABILITY = YES_AGGRESSIVE;
				CLANG_WARN_UNREACHABLE_CODE = YES;
				CLANG_WARN__DUPLICATE_METHOD_MATCH = YES;
				COPY_PHASE_STRIP = NO;
				DEBUG_INFORMATION_FORMAT = "dwarf-with-dsym";
				ENABLE_NS_ASSERTIONS = NO;
				ENABLE_STRICT_OBJC_MSGSEND = YES;
				GCC_C_LANGUAGE_STANDARD = gnu11;
				GCC_NO_COMMON_BLOCKS = YES;
				GCC_WARN_64_TO_32_BIT_CONVERSION = YES;
				GCC_WARN_ABOUT_RETURN_TYPE = YES_ERROR;
				GCC_WARN_UNDECLARED_SELECTOR = YES;
				GCC_WARN_UNINITIALIZED_AUTOS = YES_AGGRESSIVE;
				GCC_WARN_UNUSED_FUNCTION = YES;
				GCC_WARN_UNUSED_VARIABLE = YES;
				MACOSX_DEPLOYMENT_TARGET = 10.15;
				MTL_ENABLE_DEBUG_INFO = NO;
				MTL_FAST_MATH = YES;
				SDKROOT = macosx;
				SWIFT_COMPILATION_MODE = wholemodule;
				SWIFT_OPTIMIZATION_LEVEL = "-O";
			};
			name = Release;
		};
		853E3F06241BEA6000557D21 /* Debug */ = {
			isa = XCBuildConfiguration;
			buildSettings = {
				CODE_SIGN_STYLE = Automatic;
				PRODUCT_NAME = "$(TARGET_NAME)";
				SWIFT_VERSION = 5.0;
			};
			name = Debug;
		};
		853E3F07241BEA6000557D21 /* Release */ = {
			isa = XCBuildConfiguration;
			buildSettings = {
				CODE_SIGN_STYLE = Automatic;
				PRODUCT_NAME = "$(TARGET_NAME)";
				SWIFT_VERSION = 5.0;
			};
			name = Release;
		};
/* End XCBuildConfiguration section */

/* Begin XCConfigurationList section */
		853E3EF9241BEA6000557D21 /* Build configuration list for PBXProject "FolderOrganizer" */ = {
			isa = XCConfigurationList;
			buildConfigurations = (
				853E3F03241BEA6000557D21 /* Debug */,
				853E3F04241BEA6000557D21 /* Release */,
			);
			defaultConfigurationIsVisible = 0;
			defaultConfigurationName = Release;
		};
		853E3F05241BEA6000557D21 /* Build configuration list for PBXNativeTarget "FolderOrganizer" */ = {
			isa = XCConfigurationList;
			buildConfigurations = (
				853E3F06241BEA6000557D21 /* Debug */,
				853E3F07241BEA6000557D21 /* Release */,
			);
			defaultConfigurationIsVisible = 0;
			defaultConfigurationName = Release;
		};
/* End XCConfigurationList section */

/* Begin XCRemoteSwiftPackageReference section */
		853E3F0D241BF82B00557D21 /* XCRemoteSwiftPackageReference "Commander" */ = {
			isa = XCRemoteSwiftPackageReference;
			repositoryURL = "https://github.com/kylef/Commander";
			requirement = {
				kind = upToNextMajorVersion;
				minimumVersion = 0.9.1;
			};
		};
		853E3F10241BF8F300557D21 /* XCRemoteSwiftPackageReference "ColorizeSwift" */ = {
			isa = XCRemoteSwiftPackageReference;
			repositoryURL = "https://github.com/mtynior/ColorizeSwift.git";
			requirement = {
				kind = upToNextMajorVersion;
				minimumVersion = 1.5.0;
			};
		};
/* End XCRemoteSwiftPackageReference section */

/* Begin XCSwiftPackageProductDependency section */
		853E3F0E241BF82B00557D21 /* Commander */ = {
			isa = XCSwiftPackageProductDependency;
			package = 853E3F0D241BF82B00557D21 /* XCRemoteSwiftPackageReference "Commander" */;
			productName = Commander;
		};
		853E3F11241BF8F300557D21 /* ColorizeSwift */ = {
			isa = XCSwiftPackageProductDependency;
			package = 853E3F10241BF8F300557D21 /* XCRemoteSwiftPackageReference "ColorizeSwift" */;
			productName = ColorizeSwift;
		};
/* End XCSwiftPackageProductDependency section */
	};
	rootObject = 853E3EF6241BEA6000557D21 /* Project object */;
}
